// !$*UTF8*$!
{
	archiveVersion = 1;
	classes = {
	};
	objectVersion = 55;
	objects = {

/* Begin PBXBuildFile section */
		E41D62D02A15246400D88095 /* Alamofire in Frameworks */ = {isa = PBXBuildFile; productRef = E41D62CF2A15246400D88095 /* Alamofire */; };
		E42861182A1B575B004741F9 /* NetworkService.swift in Sources */ = {isa = PBXBuildFile; fileRef = E42861172A1B575B004741F9 /* NetworkService.swift */; };
		E428611A2A1B577C004741F9 /* CardFetcher.swift in Sources */ = {isa = PBXBuildFile; fileRef = E42861192A1B577C004741F9 /* CardFetcher.swift */; };
		E428611D2A1B57CC004741F9 /* Card.swift in Sources */ = {isa = PBXBuildFile; fileRef = E428611C2A1B57CC004741F9 /* Card.swift */; };
		E428611F2A1B62D0004741F9 /* CardCell.swift in Sources */ = {isa = PBXBuildFile; fileRef = E428611E2A1B62D0004741F9 /* CardCell.swift */; };
		E42861222A1B6319004741F9 /* SnapKit in Frameworks */ = {isa = PBXBuildFile; productRef = E42861212A1B6319004741F9 /* SnapKit */; };
		E428612C2A1B651A004741F9 /* CardsView.swift in Sources */ = {isa = PBXBuildFile; fileRef = E428612B2A1B651A004741F9 /* CardsView.swift */; };
		E428612E2A1B65C3004741F9 /* CardsTableView+DataSource.swift in Sources */ = {isa = PBXBuildFile; fileRef = E428612D2A1B65C3004741F9 /* CardsTableView+DataSource.swift */; };
		E42861302A1B6636004741F9 /* CardsTableView+Delegate.swift in Sources */ = {isa = PBXBuildFile; fileRef = E428612F2A1B6636004741F9 /* CardsTableView+Delegate.swift */; };
		E475BD6F2A14F59000BD7691 /* AppDelegate.swift in Sources */ = {isa = PBXBuildFile; fileRef = E475BD6E2A14F59000BD7691 /* AppDelegate.swift */; };
		E475BD712A14F59000BD7691 /* SceneDelegate.swift in Sources */ = {isa = PBXBuildFile; fileRef = E475BD702A14F59000BD7691 /* SceneDelegate.swift */; };
		E475BD732A14F59000BD7691 /* CardsController.swift in Sources */ = {isa = PBXBuildFile; fileRef = E475BD722A14F59000BD7691 /* CardsController.swift */; };
		E475BD782A14F59200BD7691 /* Assets.xcassets in Resources */ = {isa = PBXBuildFile; fileRef = E475BD772A14F59200BD7691 /* Assets.xcassets */; };
		E475BD7B2A14F59200BD7691 /* LaunchScreen.storyboard in Resources */ = {isa = PBXBuildFile; fileRef = E475BD792A14F59200BD7691 /* LaunchScreen.storyboard */; };
		E4D9B86F2A2751ED00F36190 /* Cards.json in Resources */ = {isa = PBXBuildFile; fileRef = E4D9B86E2A2751ED00F36190 /* Cards.json */; };
/* End PBXBuildFile section */

/* Begin PBXFileReference section */
		E42861172A1B575B004741F9 /* NetworkService.swift */ = {isa = PBXFileReference; lastKnownFileType = sourcecode.swift; path = NetworkService.swift; sourceTree = "<group>"; };
		E42861192A1B577C004741F9 /* CardFetcher.swift */ = {isa = PBXFileReference; lastKnownFileType = sourcecode.swift; path = CardFetcher.swift; sourceTree = "<group>"; };
		E428611C2A1B57CC004741F9 /* Card.swift */ = {isa = PBXFileReference; lastKnownFileType = sourcecode.swift; path = Card.swift; sourceTree = "<group>"; };
		E428611E2A1B62D0004741F9 /* CardCell.swift */ = {isa = PBXFileReference; lastKnownFileType = sourcecode.swift; path = CardCell.swift; sourceTree = "<group>"; };
		E428612B2A1B651A004741F9 /* CardsView.swift */ = {isa = PBXFileReference; lastKnownFileType = sourcecode.swift; path = CardsView.swift; sourceTree = "<group>"; };
		E428612D2A1B65C3004741F9 /* CardsTableView+DataSource.swift */ = {isa = PBXFileReference; lastKnownFileType = sourcecode.swift; path = "CardsTableView+DataSource.swift"; sourceTree = "<group>"; };
		E428612F2A1B6636004741F9 /* CardsTableView+Delegate.swift */ = {isa = PBXFileReference; lastKnownFileType = sourcecode.swift; path = "CardsTableView+Delegate.swift"; sourceTree = "<group>"; };
		E475BD6B2A14F59000BD7691 /* Homework 21.app */ = {isa = PBXFileReference; explicitFileType = wrapper.application; includeInIndex = 0; path = "Homework 21.app"; sourceTree = BUILT_PRODUCTS_DIR; };
		E475BD6E2A14F59000BD7691 /* AppDelegate.swift */ = {isa = PBXFileReference; lastKnownFileType = sourcecode.swift; path = AppDelegate.swift; sourceTree = "<group>"; };
		E475BD702A14F59000BD7691 /* SceneDelegate.swift */ = {isa = PBXFileReference; lastKnownFileType = sourcecode.swift; path = SceneDelegate.swift; sourceTree = "<group>"; };
		E475BD722A14F59000BD7691 /* CardsController.swift */ = {isa = PBXFileReference; lastKnownFileType = sourcecode.swift; path = CardsController.swift; sourceTree = "<group>"; };
		E475BD772A14F59200BD7691 /* Assets.xcassets */ = {isa = PBXFileReference; lastKnownFileType = folder.assetcatalog; path = Assets.xcassets; sourceTree = "<group>"; };
		E475BD7A2A14F59200BD7691 /* Base */ = {isa = PBXFileReference; lastKnownFileType = file.storyboard; name = Base; path = Base.lproj/LaunchScreen.storyboard; sourceTree = "<group>"; };
		E475BD7C2A14F59200BD7691 /* Info.plist */ = {isa = PBXFileReference; lastKnownFileType = text.plist.xml; path = Info.plist; sourceTree = "<group>"; };
		E4D9B86E2A2751ED00F36190 /* Cards.json */ = {isa = PBXFileReference; fileEncoding = 4; lastKnownFileType = text.json; name = Cards.json; path = "../../../../Homework 21/Homework 21/Resources/Cards.json"; sourceTree = "<group>"; };
/* End PBXFileReference section */

/* Begin PBXFrameworksBuildPhase section */
		E475BD682A14F59000BD7691 /* Frameworks */ = {
			isa = PBXFrameworksBuildPhase;
			buildActionMask = 2147483647;
			files = (
				E41D62D02A15246400D88095 /* Alamofire in Frameworks */,
				E42861222A1B6319004741F9 /* SnapKit in Frameworks */,
			);
			runOnlyForDeploymentPostprocessing = 0;
		};
/* End PBXFrameworksBuildPhase section */

/* Begin PBXGroup section */
		E42861232A1B63A2004741F9 /* Resources */ = {
			isa = PBXGroup;
			children = (
				E475BD772A14F59200BD7691 /* Assets.xcassets */,
				E475BD7C2A14F59200BD7691 /* Info.plist */,
				E475BD792A14F59200BD7691 /* LaunchScreen.storyboard */,
				E4D9B86E2A2751ED00F36190 /* Cards.json */,
			);
			path = Resources;
			sourceTree = "<group>";
		};
		E42861242A1B63E2004741F9 /* Sources */ = {
			isa = PBXGroup;
			children = (
				E42861272A1B6418004741F9 /* App */,
				E42861262A1B6405004741F9 /* Scene */,
				E42861252A1B63F7004741F9 /* Extensions */,
			);
			path = Sources;
			sourceTree = "<group>";
		};
		E42861252A1B63F7004741F9 /* Extensions */ = {
			isa = PBXGroup;
			children = (
				E428612D2A1B65C3004741F9 /* CardsTableView+DataSource.swift */,
				E428612F2A1B6636004741F9 /* CardsTableView+Delegate.swift */,
			);
			name = Extensions;
			sourceTree = "<group>";
		};
		E42861262A1B6405004741F9 /* Scene */ = {
			isa = PBXGroup;
			children = (
				E48D07C82A18D70C009FA0E4 /* Networking */,
				E428612A2A1B646E004741F9 /* Models */,
				E42861292A1B6466004741F9 /* Controller */,
				E42861282A1B644C004741F9 /* View */,
			);
			name = Scene;
			sourceTree = "<group>";
		};
		E42861272A1B6418004741F9 /* App */ = {
			isa = PBXGroup;
			children = (
				E475BD6E2A14F59000BD7691 /* AppDelegate.swift */,
				E475BD702A14F59000BD7691 /* SceneDelegate.swift */,
			);
			name = App;
			sourceTree = "<group>";
		};
		E42861282A1B644C004741F9 /* View */ = {
			isa = PBXGroup;
			children = (
				E428612B2A1B651A004741F9 /* CardsView.swift */,
				E428611E2A1B62D0004741F9 /* CardCell.swift */,
			);
			name = View;
			sourceTree = "<group>";
		};
		E42861292A1B6466004741F9 /* Controller */ = {
			isa = PBXGroup;
			children = (
				E475BD722A14F59000BD7691 /* CardsController.swift */,
			);
			name = Controller;
			sourceTree = "<group>";
		};
		E428612A2A1B646E004741F9 /* Models */ = {
			isa = PBXGroup;
			children = (
				E428611C2A1B57CC004741F9 /* Card.swift */,
			);
			name = Models;
			sourceTree = "<group>";
		};
		E475BD622A14F59000BD7691 = {
			isa = PBXGroup;
			children = (
				E475BD6D2A14F59000BD7691 /* Homework 21 */,
				E475BD6C2A14F59000BD7691 /* Products */,
			);
			sourceTree = "<group>";
		};
		E475BD6C2A14F59000BD7691 /* Products */ = {
			isa = PBXGroup;
			children = (
				E475BD6B2A14F59000BD7691 /* Homework 21.app */,
			);
			name = Products;
			sourceTree = "<group>";
		};
		E475BD6D2A14F59000BD7691 /* Homework 21 */ = {
			isa = PBXGroup;
			children = (
				E42861242A1B63E2004741F9 /* Sources */,
				E42861232A1B63A2004741F9 /* Resources */,
			);
			path = "Homework 21";
			sourceTree = "<group>";
		};
		E48D07C82A18D70C009FA0E4 /* Networking */ = {
			isa = PBXGroup;
			children = (
				E42861172A1B575B004741F9 /* NetworkService.swift */,
				E42861192A1B577C004741F9 /* CardFetcher.swift */,
			);
			path = Networking;
			sourceTree = "<group>";
		};
/* End PBXGroup section */

/* Begin PBXNativeTarget section */
		E475BD6A2A14F59000BD7691 /* Homework 21 */ = {
			isa = PBXNativeTarget;
			buildConfigurationList = E475BD7F2A14F59200BD7691 /* Build configuration list for PBXNativeTarget "Homework 21" */;
			buildPhases = (
				E475BD672A14F59000BD7691 /* Sources */,
				E475BD682A14F59000BD7691 /* Frameworks */,
				E475BD692A14F59000BD7691 /* Resources */,
			);
			buildRules = (
			);
			dependencies = (
			);
			name = "Homework 21";
			packageProductDependencies = (
				E41D62CF2A15246400D88095 /* Alamofire */,
				E42861212A1B6319004741F9 /* SnapKit */,
			);
			productName = "Homework 21";
			productReference = E475BD6B2A14F59000BD7691 /* Homework 21.app */;
			productType = "com.apple.product-type.application";
		};
/* End PBXNativeTarget section */

/* Begin PBXProject section */
		E475BD632A14F59000BD7691 /* Project object */ = {
			isa = PBXProject;
			attributes = {
				BuildIndependentTargetsInParallel = 1;
				LastSwiftUpdateCheck = 1310;
				LastUpgradeCheck = 1310;
				TargetAttributes = {
					E475BD6A2A14F59000BD7691 = {
						CreatedOnToolsVersion = 13.1;
					};
				};
			};
			buildConfigurationList = E475BD662A14F59000BD7691 /* Build configuration list for PBXProject "Homework 21" */;
			compatibilityVersion = "Xcode 13.0";
			developmentRegion = en;
			hasScannedForEncodings = 0;
			knownRegions = (
				en,
				Base,
			);
			mainGroup = E475BD622A14F59000BD7691;
			packageReferences = (
				E41D62CE2A15246400D88095 /* XCRemoteSwiftPackageReference "Alamofire" */,
				E42861202A1B6319004741F9 /* XCRemoteSwiftPackageReference "SnapKit" */,
			);
			productRefGroup = E475BD6C2A14F59000BD7691 /* Products */;
			projectDirPath = "";
			projectRoot = "";
			targets = (
				E475BD6A2A14F59000BD7691 /* Homework 21 */,
			);
		};
/* End PBXProject section */

/* Begin PBXResourcesBuildPhase section */
		E475BD692A14F59000BD7691 /* Resources */ = {
			isa = PBXResourcesBuildPhase;
			buildActionMask = 2147483647;
			files = (
				E475BD7B2A14F59200BD7691 /* LaunchScreen.storyboard in Resources */,
				E475BD782A14F59200BD7691 /* Assets.xcassets in Resources */,
				E4D9B86F2A2751ED00F36190 /* Cards.json in Resources */,
			);
			runOnlyForDeploymentPostprocessing = 0;
		};
/* End PBXResourcesBuildPhase section */

/* Begin PBXSourcesBuildPhase section */
		E475BD672A14F59000BD7691 /* Sources */ = {
			isa = PBXSourcesBuildPhase;
			buildActionMask = 2147483647;
			files = (
				E428611F2A1B62D0004741F9 /* CardCell.swift in Sources */,
				E475BD732A14F59000BD7691 /* CardsController.swift in Sources */,
				E428612E2A1B65C3004741F9 /* CardsTableView+DataSource.swift in Sources */,
				E428612C2A1B651A004741F9 /* CardsView.swift in Sources */,
				E428611D2A1B57CC004741F9 /* Card.swift in Sources */,
				E475BD6F2A14F59000BD7691 /* AppDelegate.swift in Sources */,
				E42861302A1B6636004741F9 /* CardsTableView+Delegate.swift in Sources */,
				E42861182A1B575B004741F9 /* NetworkService.swift in Sources */,
				E475BD712A14F59000BD7691 /* SceneDelegate.swift in Sources */,
				E428611A2A1B577C004741F9 /* CardFetcher.swift in Sources */,
			);
			runOnlyForDeploymentPostprocessing = 0;
		};
/* End PBXSourcesBuildPhase section */

/* Begin PBXVariantGroup section */
		E475BD792A14F59200BD7691 /* LaunchScreen.storyboard */ = {
			isa = PBXVariantGroup;
			children = (
				E475BD7A2A14F59200BD7691 /* Base */,
			);
			name = LaunchScreen.storyboard;
			sourceTree = "<group>";
		};
/* End PBXVariantGroup section */

/* Begin XCBuildConfiguration section */
		E475BD7D2A14F59200BD7691 /* Debug */ = {
			isa = XCBuildConfiguration;
			buildSettings = {
				ALWAYS_SEARCH_USER_PATHS = NO;
				CLANG_ANALYZER_NONNULL = YES;
				CLANG_ANALYZER_NUMBER_OBJECT_CONVERSION = YES_AGGRESSIVE;
				CLANG_CXX_LANGUAGE_STANDARD = "gnu++17";
				CLANG_CXX_LIBRARY = "libc++";
				CLANG_ENABLE_MODULES = YES;
				CLANG_ENABLE_OBJC_ARC = YES;
				CLANG_ENABLE_OBJC_WEAK = YES;
				CLANG_WARN_BLOCK_CAPTURE_AUTORELEASING = YES;
				CLANG_WARN_BOOL_CONVERSION = YES;
				CLANG_WARN_COMMA = YES;
				CLANG_WARN_CONSTANT_CONVERSION = YES;
				CLANG_WARN_DEPRECATED_OBJC_IMPLEMENTATIONS = YES;
				CLANG_WARN_DIRECT_OBJC_ISA_USAGE = YES_ERROR;
				CLANG_WARN_DOCUMENTATION_COMMENTS = YES;
				CLANG_WARN_EMPTY_BODY = YES;
				CLANG_WARN_ENUM_CONVERSION = YES;
				CLANG_WARN_INFINITE_RECURSION = YES;
				CLANG_WARN_INT_CONVERSION = YES;
				CLANG_WARN_NON_LITERAL_NULL_CONVERSION = YES;
				CLANG_WARN_OBJC_IMPLICIT_RETAIN_SELF = YES;
				CLANG_WARN_OBJC_LITERAL_CONVERSION = YES;
				CLANG_WARN_OBJC_ROOT_CLASS = YES_ERROR;
				CLANG_WARN_QUOTED_INCLUDE_IN_FRAMEWORK_HEADER = YES;
				CLANG_WARN_RANGE_LOOP_ANALYSIS = YES;
				CLANG_WARN_STRICT_PROTOTYPES = YES;
				CLANG_WARN_SUSPICIOUS_MOVE = YES;
				CLANG_WARN_UNGUARDED_AVAILABILITY = YES_AGGRESSIVE;
				CLANG_WARN_UNREACHABLE_CODE = YES;
				CLANG_WARN__DUPLICATE_METHOD_MATCH = YES;
				COPY_PHASE_STRIP = NO;
				DEBUG_INFORMATION_FORMAT = dwarf;
				ENABLE_STRICT_OBJC_MSGSEND = YES;
				ENABLE_TESTABILITY = YES;
				GCC_C_LANGUAGE_STANDARD = gnu11;
				GCC_DYNAMIC_NO_PIC = NO;
				GCC_NO_COMMON_BLOCKS = YES;
				GCC_OPTIMIZATION_LEVEL = 0;
				GCC_PREPROCESSOR_DEFINITIONS = (
					"DEBUG=1",
					"$(inherited)",
				);
				GCC_WARN_64_TO_32_BIT_CONVERSION = YES;
				GCC_WARN_ABOUT_RETURN_TYPE = YES_ERROR;
				GCC_WARN_UNDECLARED_SELECTOR = YES;
				GCC_WARN_UNINITIALIZED_AUTOS = YES_AGGRESSIVE;
				GCC_WARN_UNUSED_FUNCTION = YES;
				GCC_WARN_UNUSED_VARIABLE = YES;
				IPHONEOS_DEPLOYMENT_TARGET = 15.0;
				MTL_ENABLE_DEBUG_INFO = INCLUDE_SOURCE;
				MTL_FAST_MATH = YES;
				ONLY_ACTIVE_ARCH = YES;
				SDKROOT = iphoneos;
				SWIFT_ACTIVE_COMPILATION_CONDITIONS = DEBUG;
				SWIFT_OPTIMIZATION_LEVEL = "-Onone";
			};
			name = Debug;
		};
		E475BD7E2A14F59200BD7691 /* Release */ = {
			isa = XCBuildConfiguration;
			buildSettings = {
				ALWAYS_SEARCH_USER_PATHS = NO;
				CLANG_ANALYZER_NONNULL = YES;
				CLANG_ANALYZER_NUMBER_OBJECT_CONVERSION = YES_AGGRESSIVE;
				CLANG_CXX_LANGUAGE_STANDARD = "gnu++17";
				CLANG_CXX_LIBRARY = "libc++";
				CLANG_ENABLE_MODULES = YES;
				CLANG_ENABLE_OBJC_ARC = YES;
				CLANG_ENABLE_OBJC_WEAK = YES;
				CLANG_WARN_BLOCK_CAPTURE_AUTORELEASING = YES;
				CLANG_WARN_BOOL_CONVERSION = YES;
				CLANG_WARN_COMMA = YES;
				CLANG_WARN_CONSTANT_CONVERSION = YES;
				CLANG_WARN_DEPRECATED_OBJC_IMPLEMENTATIONS = YES;
				CLANG_WARN_DIRECT_OBJC_ISA_USAGE = YES_ERROR;
				CLANG_WARN_DOCUMENTATION_COMMENTS = YES;
				CLANG_WARN_EMPTY_BODY = YES;
				CLANG_WARN_ENUM_CONVERSION = YES;
				CLANG_WARN_INFINITE_RECURSION = YES;
				CLANG_WARN_INT_CONVERSION = YES;
				CLANG_WARN_NON_LITERAL_NULL_CONVERSION = YES;
				CLANG_WARN_OBJC_IMPLICIT_RETAIN_SELF = YES;
				CLANG_WARN_OBJC_LITERAL_CONVERSION = YES;
				CLANG_WARN_OBJC_ROOT_CLASS = YES_ERROR;
				CLANG_WARN_QUOTED_INCLUDE_IN_FRAMEWORK_HEADER = YES;
				CLANG_WARN_RANGE_LOOP_ANALYSIS = YES;
				CLANG_WARN_STRICT_PROTOTYPES = YES;
				CLANG_WARN_SUSPICIOUS_MOVE = YES;
				CLANG_WARN_UNGUARDED_AVAILABILITY = YES_AGGRESSIVE;
				CLANG_WARN_UNREACHABLE_CODE = YES;
				CLANG_WARN__DUPLICATE_METHOD_MATCH = YES;
				COPY_PHASE_STRIP = NO;
				DEBUG_INFORMATION_FORMAT = "dwarf-with-dsym";
				ENABLE_NS_ASSERTIONS = NO;
				ENABLE_STRICT_OBJC_MSGSEND = YES;
				GCC_C_LANGUAGE_STANDARD = gnu11;
				GCC_NO_COMMON_BLOCKS = YES;
				GCC_WARN_64_TO_32_BIT_CONVERSION = YES;
				GCC_WARN_ABOUT_RETURN_TYPE = YES_ERROR;
				GCC_WARN_UNDECLARED_SELECTOR = YES;
				GCC_WARN_UNINITIALIZED_AUTOS = YES_AGGRESSIVE;
				GCC_WARN_UNUSED_FUNCTION = YES;
				GCC_WARN_UNUSED_VARIABLE = YES;
				IPHONEOS_DEPLOYMENT_TARGET = 15.0;
				MTL_ENABLE_DEBUG_INFO = NO;
				MTL_FAST_MATH = YES;
				SDKROOT = iphoneos;
				SWIFT_COMPILATION_MODE = wholemodule;
				SWIFT_OPTIMIZATION_LEVEL = "-O";
				VALIDATE_PRODUCT = YES;
			};
			name = Release;
		};
		E475BD802A14F59200BD7691 /* Debug */ = {
			isa = XCBuildConfiguration;
			buildSettings = {
				ASSETCATALOG_COMPILER_APPICON_NAME = AppIcon;
				ASSETCATALOG_COMPILER_GLOBAL_ACCENT_COLOR_NAME = AccentColor;
				CODE_SIGN_STYLE = Automatic;
				CURRENT_PROJECT_VERSION = 1;
				DEVELOPMENT_TEAM = U94RDSMM8C;
				GENERATE_INFOPLIST_FILE = YES;
				INFOPLIST_FILE = "Homework 21/Resources/Info.plist";
				INFOPLIST_KEY_UIApplicationSupportsIndirectInputEvents = YES;
				INFOPLIST_KEY_UILaunchStoryboardName = LaunchScreen;
				INFOPLIST_KEY_UISupportedInterfaceOrientations_iPad = "UIInterfaceOrientationPortrait UIInterfaceOrientationPortraitUpsideDown UIInterfaceOrientationLandscapeLeft UIInterfaceOrientationLandscapeRight";
				INFOPLIST_KEY_UISupportedInterfaceOrientations_iPhone = "UIInterfaceOrientationPortrait UIInterfaceOrientationLandscapeLeft UIInterfaceOrientationLandscapeRight";
				LD_RUNPATH_SEARCH_PATHS = (
					"$(inherited)",
					"@executable_path/Frameworks",
				);
				MARKETING_VERSION = 1.0;
				PRODUCT_BUNDLE_IDENTIFIER = "Aisaule-Sibatova.Homework-21";
				PRODUCT_NAME = "$(TARGET_NAME)";
				SWIFT_EMIT_LOC_STRINGS = YES;
				SWIFT_VERSION = 5.0;
				TARGETED_DEVICE_FAMILY = "1,2";
			};
			name = Debug;
		};
		E475BD812A14F59200BD7691 /* Release */ = {
			isa = XCBuildConfiguration;
			buildSettings = {
				ASSETCATALOG_COMPILER_APPICON_NAME = AppIcon;
				ASSETCATALOG_COMPILER_GLOBAL_ACCENT_COLOR_NAME = AccentColor;
				CODE_SIGN_STYLE = Automatic;
				CURRENT_PROJECT_VERSION = 1;
				DEVELOPMENT_TEAM = U94RDSMM8C;
				GENERATE_INFOPLIST_FILE = YES;
				INFOPLIST_FILE = "Homework 21/Resources/Info.plist";
				INFOPLIST_KEY_UIApplicationSupportsIndirectInputEvents = YES;
				INFOPLIST_KEY_UILaunchStoryboardName = LaunchScreen;
				INFOPLIST_KEY_UISupportedInterfaceOrientations_iPad = "UIInterfaceOrientationPortrait UIInterfaceOrientationPortraitUpsideDown UIInterfaceOrientationLandscapeLeft UIInterfaceOrientationLandscapeRight";
				INFOPLIST_KEY_UISupportedInterfaceOrientations_iPhone = "UIInterfaceOrientationPortrait UIInterfaceOrientationLandscapeLeft UIInterfaceOrientationLandscapeRight";
				LD_RUNPATH_SEARCH_PATHS = (
					"$(inherited)",
					"@executable_path/Frameworks",
				);
				MARKETING_VERSION = 1.0;
				PRODUCT_BUNDLE_IDENTIFIER = "Aisaule-Sibatova.Homework-21";
				PRODUCT_NAME = "$(TARGET_NAME)";
				SWIFT_EMIT_LOC_STRINGS = YES;
				SWIFT_VERSION = 5.0;
				TARGETED_DEVICE_FAMILY = "1,2";
			};
			name = Release;
		};
/* End XCBuildConfiguration section */

/* Begin XCConfigurationList section */
		E475BD662A14F59000BD7691 /* Build configuration list for PBXProject "Homework 21" */ = {
			isa = XCConfigurationList;
			buildConfigurations = (
				E475BD7D2A14F59200BD7691 /* Debug */,
				E475BD7E2A14F59200BD7691 /* Release */,
			);
			defaultConfigurationIsVisible = 0;
			defaultConfigurationName = Release;
		};
		E475BD7F2A14F59200BD7691 /* Build configuration list for PBXNativeTarget "Homework 21" */ = {
			isa = XCConfigurationList;
			buildConfigurations = (
				E475BD802A14F59200BD7691 /* Debug */,
				E475BD812A14F59200BD7691 /* Release */,
			);
			defaultConfigurationIsVisible = 0;
			defaultConfigurationName = Release;
		};
/* End XCConfigurationList section */

/* Begin XCRemoteSwiftPackageReference section */
		E41D62CE2A15246400D88095 /* XCRemoteSwiftPackageReference "Alamofire" */ = {
			isa = XCRemoteSwiftPackageReference;
			repositoryURL = "https://github.com/Alamofire/Alamofire.git";
			requirement = {
				kind = upToNextMajorVersion;
				minimumVersion = 5.0.0;
			};
		};
		E42861202A1B6319004741F9 /* XCRemoteSwiftPackageReference "SnapKit" */ = {
			isa = XCRemoteSwiftPackageReference;
			repositoryURL = "https://github.com/SnapKit/SnapKit";
			requirement = {
				branch = develop;
				kind = branch;
			};
		};
/* End XCRemoteSwiftPackageReference section */

/* Begin XCSwiftPackageProductDependency section */
		E41D62CF2A15246400D88095 /* Alamofire */ = {
			isa = XCSwiftPackageProductDependency;
			package = E41D62CE2A15246400D88095 /* XCRemoteSwiftPackageReference "Alamofire" */;
			productName = Alamofire;
		};
		E42861212A1B6319004741F9 /* SnapKit */ = {
			isa = XCSwiftPackageProductDependency;
			package = E42861202A1B6319004741F9 /* XCRemoteSwiftPackageReference "SnapKit" */;
			productName = SnapKit;
		};
/* End XCSwiftPackageProductDependency section */
	};
	rootObject = E475BD632A14F59000BD7691 /* Project object */;
}
